
Microsoft Visual Studio Solution File, Format Version 12.00
# Visual Studio 15
VisualStudioVersion = 15.0.27703.2035
MinimumVisualStudioVersion = 10.0.40219.1
Project("{FAE04EC0-301F-11D3-BF4B-00C04F79EFBC}") = "GETForms.Web", "GETForms.Web\GETForms.Web.csproj", "{8905FF22-D7FB-4FBB-B36D-7199CFA7448E}"
EndProject
Global
	GlobalSection(SolutionConfigurationPlatforms) = preSolution
		Debug|Any CPU = Debug|Any CPU
		Release|Any CPU = Release|Any CPU
	EndGlobalSection
	GlobalSection(ProjectConfigurationPlatforms) = postSolution
		{8905FF22-D7FB-4FBB-B36D-7199CFA7448E}.Debug|Any CPU.ActiveCfg = Debug|Any CPU
		{8905FF22-D7FB-4FBB-B36D-7199CFA7448E}.Debug|Any CPU.Build.0 = Debug|Any CPU
		{8905FF22-D7FB-4FBB-B36D-7199CFA7448E}.Release|Any CPU.ActiveCfg = Release|Any CPU
		{8905FF22-D7FB-4FBB-B36D-7199CFA7448E}.Release|Any CPU.Build.0 = Release|Any CPU
	EndGlobalSection
	GlobalSection(SolutionProperties) = preSolution
		HideSolutionNode = FALSE
	EndGlobalSection
	GlobalSection(ExtensibilityGlobals) = postSolution
		SolutionGuid = {5F65742A-0583-4619-B9BF-0692C8DDA47C}
	EndGlobalSection
EndGlobal
