
Microsoft Visual Studio Solution File, Format Version 12.00
# Visual Studio 15
VisualStudioVersion = 15.0.27703.2035
MinimumVisualStudioVersion = 10.0.40219.1
Project("{FAE04EC0-301F-11D3-BF4B-00C04F79EFBC}") = "Validation.Web", "Validation.Web\Validation.Web.csproj", "{A881347E-D0F7-45C9-AA3B-FA0ECB92835E}"
EndProject
Global
	GlobalSection(SolutionConfigurationPlatforms) = preSolution
		Debug|Any CPU = Debug|Any CPU
		Release|Any CPU = Release|Any CPU
	EndGlobalSection
	GlobalSection(ProjectConfigurationPlatforms) = postSolution
		{A881347E-D0F7-45C9-AA3B-FA0ECB92835E}.Debug|Any CPU.ActiveCfg = Debug|Any CPU
		{A881347E-D0F7-45C9-AA3B-FA0ECB92835E}.Debug|Any CPU.Build.0 = Debug|Any CPU
		{A881347E-D0F7-45C9-AA3B-FA0ECB92835E}.Release|Any CPU.ActiveCfg = Release|Any CPU
		{A881347E-D0F7-45C9-AA3B-FA0ECB92835E}.Release|Any CPU.Build.0 = Release|Any CPU
	EndGlobalSection
	GlobalSection(SolutionProperties) = preSolution
		HideSolutionNode = FALSE
	EndGlobalSection
	GlobalSection(ExtensibilityGlobals) = postSolution
		SolutionGuid = {44BCC88E-C56E-48D1-8868-56E2AB39A3B4}
	EndGlobalSection
EndGlobal
