
Microsoft Visual Studio Solution File, Format Version 12.00
# Visual Studio 15
VisualStudioVersion = 15.0.28010.2016
MinimumVisualStudioVersion = 10.0.40219.1
Project("{FAE04EC0-301F-11D3-BF4B-00C04F79EFBC}") = "DiscountCalculator", "DiscountCalculator\DiscountCalculator.csproj", "{C93C6DCA-DE69-4851-86A3-7C15F2F580AB}"
EndProject
Global
	GlobalSection(SolutionConfigurationPlatforms) = preSolution
		Debug|Any CPU = Debug|Any CPU
		Release|Any CPU = Release|Any CPU
	EndGlobalSection
	GlobalSection(ProjectConfigurationPlatforms) = postSolution
		{C93C6DCA-DE69-4851-86A3-7C15F2F580AB}.Debug|Any CPU.ActiveCfg = Debug|Any CPU
		{C93C6DCA-DE69-4851-86A3-7C15F2F580AB}.Debug|Any CPU.Build.0 = Debug|Any CPU
		{C93C6DCA-DE69-4851-86A3-7C15F2F580AB}.Release|Any CPU.ActiveCfg = Release|Any CPU
		{C93C6DCA-DE69-4851-86A3-7C15F2F580AB}.Release|Any CPU.Build.0 = Release|Any CPU
	EndGlobalSection
	GlobalSection(SolutionProperties) = preSolution
		HideSolutionNode = FALSE
	EndGlobalSection
	GlobalSection(ExtensibilityGlobals) = postSolution
		SolutionGuid = {E2A9965B-6518-4E48-A513-101B37425906}
	EndGlobalSection
EndGlobal
