
Microsoft Visual Studio Solution File, Format Version 12.00
# Visual Studio 15
VisualStudioVersion = 15.0.27703.2035
MinimumVisualStudioVersion = 10.0.40219.1
Project("{FAE04EC0-301F-11D3-BF4B-00C04F79EFBC}") = "Forms.Web", "Forms.Web\Forms.Web.csproj", "{E5A2A604-7B6D-4154-9028-B2164AA84D54}"
EndProject
Global
	GlobalSection(SolutionConfigurationPlatforms) = preSolution
		Debug|Any CPU = Debug|Any CPU
		Release|Any CPU = Release|Any CPU
	EndGlobalSection
	GlobalSection(ProjectConfigurationPlatforms) = postSolution
		{E5A2A604-7B6D-4154-9028-B2164AA84D54}.Debug|Any CPU.ActiveCfg = Debug|Any CPU
		{E5A2A604-7B6D-4154-9028-B2164AA84D54}.Debug|Any CPU.Build.0 = Debug|Any CPU
		{E5A2A604-7B6D-4154-9028-B2164AA84D54}.Release|Any CPU.ActiveCfg = Release|Any CPU
		{E5A2A604-7B6D-4154-9028-B2164AA84D54}.Release|Any CPU.Build.0 = Release|Any CPU
	EndGlobalSection
	GlobalSection(SolutionProperties) = preSolution
		HideSolutionNode = FALSE
	EndGlobalSection
	GlobalSection(ExtensibilityGlobals) = postSolution
		SolutionGuid = {4FF71E36-C3FA-41DF-BCB3-857C2EC39803}
	EndGlobalSection
EndGlobal
