
Microsoft Visual Studio Solution File, Format Version 12.00
# Visual Studio 15
VisualStudioVersion = 15.0.28010.2016
MinimumVisualStudioVersion = 10.0.40219.1
Project("{FAE04EC0-301F-11D3-BF4B-00C04F79EFBC}") = "CalculatorExercise", "CalculatorExercise\CalculatorExercise.csproj", "{EF83941F-A506-4609-9614-B28B2879035E}"
EndProject
Project("{FAE04EC0-301F-11D3-BF4B-00C04F79EFBC}") = "CompanyExercise", "CompanyExercise\CompanyExercise.csproj", "{6E34519A-49AE-4AF2-8BCF-B1044AC08398}"
EndProject
Project("{FAE04EC0-301F-11D3-BF4B-00C04F79EFBC}") = "DogExercise", "DogExercise\DogExercise.csproj", "{2BA6879E-3DEA-46A5-BD6F-1A5B8E3B7494}"
EndProject
Project("{FAE04EC0-301F-11D3-BF4B-00C04F79EFBC}") = "Exercises.Tests", "Exercises.Tests\Exercises.Tests.csproj", "{36E7E0F1-02D3-4683-B7A1-6D92A3A5FABC}"
EndProject
Project("{FAE04EC0-301F-11D3-BF4B-00C04F79EFBC}") = "PersonExercise", "PersonExercise\PersonExercise.csproj", "{2D6C3B95-7D89-40D5-B84B-1AA61FCBCB6E}"
EndProject
Project("{FAE04EC0-301F-11D3-BF4B-00C04F79EFBC}") = "ProductExercise", "ProductExercise\ProductExercise.csproj", "{B7808F1C-235D-48CF-900C-01C801535BAC}"
EndProject
Project("{FAE04EC0-301F-11D3-BF4B-00C04F79EFBC}") = "ShoppingCartExercise", "ShoppingCartExercise\ShoppingCartExercise.csproj", "{EED09BAD-CA08-4682-968E-0005F6552B01}"
EndProject
Global
	GlobalSection(SolutionConfigurationPlatforms) = preSolution
		Debug|Any CPU = Debug|Any CPU
		Release|Any CPU = Release|Any CPU
	EndGlobalSection
	GlobalSection(ProjectConfigurationPlatforms) = postSolution
		{EF83941F-A506-4609-9614-B28B2879035E}.Debug|Any CPU.ActiveCfg = Debug|Any CPU
		{EF83941F-A506-4609-9614-B28B2879035E}.Debug|Any CPU.Build.0 = Debug|Any CPU
		{EF83941F-A506-4609-9614-B28B2879035E}.Release|Any CPU.ActiveCfg = Release|Any CPU
		{EF83941F-A506-4609-9614-B28B2879035E}.Release|Any CPU.Build.0 = Release|Any CPU
		{6E34519A-49AE-4AF2-8BCF-B1044AC08398}.Debug|Any CPU.ActiveCfg = Debug|Any CPU
		{6E34519A-49AE-4AF2-8BCF-B1044AC08398}.Debug|Any CPU.Build.0 = Debug|Any CPU
		{6E34519A-49AE-4AF2-8BCF-B1044AC08398}.Release|Any CPU.ActiveCfg = Release|Any CPU
		{6E34519A-49AE-4AF2-8BCF-B1044AC08398}.Release|Any CPU.Build.0 = Release|Any CPU
		{2BA6879E-3DEA-46A5-BD6F-1A5B8E3B7494}.Debug|Any CPU.ActiveCfg = Debug|Any CPU
		{2BA6879E-3DEA-46A5-BD6F-1A5B8E3B7494}.Debug|Any CPU.Build.0 = Debug|Any CPU
		{2BA6879E-3DEA-46A5-BD6F-1A5B8E3B7494}.Release|Any CPU.ActiveCfg = Release|Any CPU
		{2BA6879E-3DEA-46A5-BD6F-1A5B8E3B7494}.Release|Any CPU.Build.0 = Release|Any CPU
		{36E7E0F1-02D3-4683-B7A1-6D92A3A5FABC}.Debug|Any CPU.ActiveCfg = Debug|Any CPU
		{36E7E0F1-02D3-4683-B7A1-6D92A3A5FABC}.Debug|Any CPU.Build.0 = Debug|Any CPU
		{36E7E0F1-02D3-4683-B7A1-6D92A3A5FABC}.Release|Any CPU.ActiveCfg = Release|Any CPU
		{36E7E0F1-02D3-4683-B7A1-6D92A3A5FABC}.Release|Any CPU.Build.0 = Release|Any CPU
		{2D6C3B95-7D89-40D5-B84B-1AA61FCBCB6E}.Debug|Any CPU.ActiveCfg = Debug|Any CPU
		{2D6C3B95-7D89-40D5-B84B-1AA61FCBCB6E}.Debug|Any CPU.Build.0 = Debug|Any CPU
		{2D6C3B95-7D89-40D5-B84B-1AA61FCBCB6E}.Release|Any CPU.ActiveCfg = Release|Any CPU
		{2D6C3B95-7D89-40D5-B84B-1AA61FCBCB6E}.Release|Any CPU.Build.0 = Release|Any CPU
		{B7808F1C-235D-48CF-900C-01C801535BAC}.Debug|Any CPU.ActiveCfg = Debug|Any CPU
		{B7808F1C-235D-48CF-900C-01C801535BAC}.Debug|Any CPU.Build.0 = Debug|Any CPU
		{B7808F1C-235D-48CF-900C-01C801535BAC}.Release|Any CPU.ActiveCfg = Release|Any CPU
		{B7808F1C-235D-48CF-900C-01C801535BAC}.Release|Any CPU.Build.0 = Release|Any CPU
		{EED09BAD-CA08-4682-968E-0005F6552B01}.Debug|Any CPU.ActiveCfg = Debug|Any CPU
		{EED09BAD-CA08-4682-968E-0005F6552B01}.Debug|Any CPU.Build.0 = Debug|Any CPU
		{EED09BAD-CA08-4682-968E-0005F6552B01}.Release|Any CPU.ActiveCfg = Release|Any CPU
		{EED09BAD-CA08-4682-968E-0005F6552B01}.Release|Any CPU.Build.0 = Release|Any CPU
	EndGlobalSection
	GlobalSection(SolutionProperties) = preSolution
		HideSolutionNode = FALSE
	EndGlobalSection
	GlobalSection(ExtensibilityGlobals) = postSolution
		SolutionGuid = {49A95192-C7E7-43C0-B498-D2566A9779BA}
	EndGlobalSection
EndGlobal
